
Microsoft Visual Studio Solution File, Format Version 11.00
# Visual Studio 15
Project("{8BC9CEB8-8B4A-11D0-8D11-00A0C91BC942}") = "3d", "3d.vcxproj", "{07BABE07-AD82-417D-B12F-BA88D4A1725E}"
EndProject
Project("{8BC9CEB8-8B4A-11D0-8D11-00A0C91BC942}") = "3d_multi", "3d_multi.vcxproj", "{3E3DFFD5-BC47-4182-84B5-A155A49DFD31}"
EndProject
Project("{8BC9CEB8-8B4A-11D0-8D11-00A0C91BC942}") = "event_parameter", "event_parameter.vcxproj", "{0F858E4E-9FE5-4B88-ACE9-D07FC8058ECD}"
EndProject
Project("{8BC9CEB8-8B4A-11D0-8D11-00A0C91BC942}") = "load_banks", "load_banks.vcxproj", "{D2D2B088-6D90-4850-890D-0AF1F197595A}"
EndProject
Project("{8BC9CEB8-8B4A-11D0-8D11-00A0C91BC942}") = "music_callbacks", "music_callbacks.vcxproj", "{50895C43-4622-4F66-A3BE-F37235931686}"
EndProject
Project("{8BC9CEB8-8B4A-11D0-8D11-00A0C91BC942}") = "objectpan", "objectpan.vcxproj", "{7C1F4FAC-A601-4B9C-9348-EB4165864D58}"
EndProject
Project("{8BC9CEB8-8B4A-11D0-8D11-00A0C91BC942}") = "programmer_sound", "programmer_sound.vcxproj", "{BC52BB35-A559-4E57-9D09-FD1CC2DB2443}"
EndProject
Project("{8BC9CEB8-8B4A-11D0-8D11-00A0C91BC942}") = "recording_playback", "recording_playback.vcxproj", "{4BD30709-F78C-4A8B-8A06-567DE3D0FC39}"
EndProject
Project("{8BC9CEB8-8B4A-11D0-8D11-00A0C91BC942}") = "simple_event", "simple_event.vcxproj", "{F7DB0CEA-1D97-4DAB-B817-C6048353A7DB}"
EndProject
Global
	GlobalSection(SolutionConfigurationPlatforms) = preSolution
		Debug|Win32 = Debug|Win32
		Debug|x64 = Debug|x64
		Debug|ARM64 = Debug|ARM64
		Release|Win32 = Release|Win32
		Release|x64 = Release|x64
		Release|ARM64 = Release|ARM64
	EndGlobalSection
	GlobalSection(ProjectConfigurationPlatforms) = postSolution
		{07BABE07-AD82-417D-B12F-BA88D4A1725E}.Debug|Win32.ActiveCfg = Debug|Win32
		{07BABE07-AD82-417D-B12F-BA88D4A1725E}.Debug|Win32.Build.0 = Debug|Win32
		{07BABE07-AD82-417D-B12F-BA88D4A1725E}.Debug|Win32.Deploy.0 = Debug|Win32
		{07BABE07-AD82-417D-B12F-BA88D4A1725E}.Debug|x64.ActiveCfg = Debug|x64
		{07BABE07-AD82-417D-B12F-BA88D4A1725E}.Debug|x64.Build.0 = Debug|x64
		{07BABE07-AD82-417D-B12F-BA88D4A1725E}.Debug|x64.Deploy.0 = Debug|x64
		{07BABE07-AD82-417D-B12F-BA88D4A1725E}.Debug|ARM64.ActiveCfg = Debug|ARM64
		{07BABE07-AD82-417D-B12F-BA88D4A1725E}.Debug|ARM64.Build.0 = Debug|ARM64
		{07BABE07-AD82-417D-B12F-BA88D4A1725E}.Debug|ARM64.Deploy.0 = Debug|ARM64
		{07BABE07-AD82-417D-B12F-BA88D4A1725E}.Release|Win32.ActiveCfg = Release|Win32
		{07BABE07-AD82-417D-B12F-BA88D4A1725E}.Release|Win32.Build.0 = Release|Win32
		{07BABE07-AD82-417D-B12F-BA88D4A1725E}.Release|Win32.Deploy.0 = Release|Win32
		{07BABE07-AD82-417D-B12F-BA88D4A1725E}.Release|x64.ActiveCfg = Release|x64
		{07BABE07-AD82-417D-B12F-BA88D4A1725E}.Release|x64.Build.0 = Release|x64
		{07BABE07-AD82-417D-B12F-BA88D4A1725E}.Release|x64.Deploy.0 = Release|x64
		{07BABE07-AD82-417D-B12F-BA88D4A1725E}.Release|ARM64.ActiveCfg = Release|ARM64
		{07BABE07-AD82-417D-B12F-BA88D4A1725E}.Release|ARM64.Build.0 = Release|ARM64
		{07BABE07-AD82-417D-B12F-BA88D4A1725E}.Release|ARM64.Deploy.0 = Release|ARM64
		{3E3DFFD5-BC47-4182-84B5-A155A49DFD31}.Debug|Win32.ActiveCfg = Debug|Win32
		{3E3DFFD5-BC47-4182-84B5-A155A49DFD31}.Debug|Win32.Build.0 = Debug|Win32
		{3E3DFFD5-BC47-4182-84B5-A155A49DFD31}.Debug|Win32.Deploy.0 = Debug|Win32
		{3E3DFFD5-BC47-4182-84B5-A155A49DFD31}.Debug|x64.ActiveCfg = Debug|x64
		{3E3DFFD5-BC47-4182-84B5-A155A49DFD31}.Debug|x64.Build.0 = Debug|x64
		{3E3DFFD5-BC47-4182-84B5-A155A49DFD31}.Debug|x64.Deploy.0 = Debug|x64
		{3E3DFFD5-BC47-4182-84B5-A155A49DFD31}.Debug|ARM64.ActiveCfg = Debug|ARM64
		{3E3DFFD5-BC47-4182-84B5-A155A49DFD31}.Debug|ARM64.Build.0 = Debug|ARM64
		{3E3DFFD5-BC47-4182-84B5-A155A49DFD31}.Debug|ARM64.Deploy.0 = Debug|ARM64
		{3E3DFFD5-BC47-4182-84B5-A155A49DFD31}.Release|Win32.ActiveCfg = Release|Win32
		{3E3DFFD5-BC47-4182-84B5-A155A49DFD31}.Release|Win32.Build.0 = Release|Win32
		{3E3DFFD5-BC47-4182-84B5-A155A49DFD31}.Release|Win32.Deploy.0 = Release|Win32
		{3E3DFFD5-BC47-4182-84B5-A155A49DFD31}.Release|x64.ActiveCfg = Release|x64
		{3E3DFFD5-BC47-4182-84B5-A155A49DFD31}.Release|x64.Build.0 = Release|x64
		{3E3DFFD5-BC47-4182-84B5-A155A49DFD31}.Release|x64.Deploy.0 = Release|x64
		{3E3DFFD5-BC47-4182-84B5-A155A49DFD31}.Release|ARM64.ActiveCfg = Release|ARM64
		{3E3DFFD5-BC47-4182-84B5-A155A49DFD31}.Release|ARM64.Build.0 = Release|ARM64
		{3E3DFFD5-BC47-4182-84B5-A155A49DFD31}.Release|ARM64.Deploy.0 = Release|ARM64
		{0F858E4E-9FE5-4B88-ACE9-D07FC8058ECD}.Debug|Win32.ActiveCfg = Debug|Win32
		{0F858E4E-9FE5-4B88-ACE9-D07FC8058ECD}.Debug|Win32.Build.0 = Debug|Win32
		{0F858E4E-9FE5-4B88-ACE9-D07FC8058ECD}.Debug|Win32.Deploy.0 = Debug|Win32
		{0F858E4E-9FE5-4B88-ACE9-D07FC8058ECD}.Debug|x64.ActiveCfg = Debug|x64
		{0F858E4E-9FE5-4B88-ACE9-D07FC8058ECD}.Debug|x64.Build.0 = Debug|x64
		{0F858E4E-9FE5-4B88-ACE9-D07FC8058ECD}.Debug|x64.Deploy.0 = Debug|x64
		{0F858E4E-9FE5-4B88-ACE9-D07FC8058ECD}.Debug|ARM64.ActiveCfg = Debug|ARM64
		{0F858E4E-9FE5-4B88-ACE9-D07FC8058ECD}.Debug|ARM64.Build.0 = Debug|ARM64
		{0F858E4E-9FE5-4B88-ACE9-D07FC8058ECD}.Debug|ARM64.Deploy.0 = Debug|ARM64
		{0F858E4E-9FE5-4B88-ACE9-D07FC8058ECD}.Release|Win32.ActiveCfg = Release|Win32
		{0F858E4E-9FE5-4B88-ACE9-D07FC8058ECD}.Release|Win32.Build.0 = Release|Win32
		{0F858E4E-9FE5-4B88-ACE9-D07FC8058ECD}.Release|Win32.Deploy.0 = Release|Win32
		{0F858E4E-9FE5-4B88-ACE9-D07FC8058ECD}.Release|x64.ActiveCfg = Release|x64
		{0F858E4E-9FE5-4B88-ACE9-D07FC8058ECD}.Release|x64.Build.0 = Release|x64
		{0F858E4E-9FE5-4B88-ACE9-D07FC8058ECD}.Release|x64.Deploy.0 = Release|x64
		{0F858E4E-9FE5-4B88-ACE9-D07FC8058ECD}.Release|ARM64.ActiveCfg = Release|ARM64
		{0F858E4E-9FE5-4B88-ACE9-D07FC8058ECD}.Release|ARM64.Build.0 = Release|ARM64
		{0F858E4E-9FE5-4B88-ACE9-D07FC8058ECD}.Release|ARM64.Deploy.0 = Release|ARM64
		{D2D2B088-6D90-4850-890D-0AF1F197595A}.Debug|Win32.ActiveCfg = Debug|Win32
		{D2D2B088-6D90-4850-890D-0AF1F197595A}.Debug|Win32.Build.0 = Debug|Win32
		{D2D2B088-6D90-4850-890D-0AF1F197595A}.Debug|Win32.Deploy.0 = Debug|Win32
		{D2D2B088-6D90-4850-890D-0AF1F197595A}.Debug|x64.ActiveCfg = Debug|x64
		{D2D2B088-6D90-4850-890D-0AF1F197595A}.Debug|x64.Build.0 = Debug|x64
		{D2D2B088-6D90-4850-890D-0AF1F197595A}.Debug|x64.Deploy.0 = Debug|x64
		{D2D2B088-6D90-4850-890D-0AF1F197595A}.Debug|ARM64.ActiveCfg = Debug|ARM64
		{D2D2B088-6D90-4850-890D-0AF1F197595A}.Debug|ARM64.Build.0 = Debug|ARM64
		{D2D2B088-6D90-4850-890D-0AF1F197595A}.Debug|ARM64.Deploy.0 = Debug|ARM64
		{D2D2B088-6D90-4850-890D-0AF1F197595A}.Release|Win32.ActiveCfg = Release|Win32
		{D2D2B088-6D90-4850-890D-0AF1F197595A}.Release|Win32.Build.0 = Release|Win32
		{D2D2B088-6D90-4850-890D-0AF1F197595A}.Release|Win32.Deploy.0 = Release|Win32
		{D2D2B088-6D90-4850-890D-0AF1F197595A}.Release|x64.ActiveCfg = Release|x64
		{D2D2B088-6D90-4850-890D-0AF1F197595A}.Release|x64.Build.0 = Release|x64
		{D2D2B088-6D90-4850-890D-0AF1F197595A}.Release|x64.Deploy.0 = Release|x64
		{D2D2B088-6D90-4850-890D-0AF1F197595A}.Release|ARM64.ActiveCfg = Release|ARM64
		{D2D2B088-6D90-4850-890D-0AF1F197595A}.Release|ARM64.Build.0 = Release|ARM64
		{D2D2B088-6D90-4850-890D-0AF1F197595A}.Release|ARM64.Deploy.0 = Release|ARM64
		{50895C43-4622-4F66-A3BE-F37235931686}.Debug|Win32.ActiveCfg = Debug|Win32
		{50895C43-4622-4F66-A3BE-F37235931686}.Debug|Win32.Build.0 = Debug|Win32
		{50895C43-4622-4F66-A3BE-F37235931686}.Debug|Win32.Deploy.0 = Debug|Win32
		{50895C43-4622-4F66-A3BE-F37235931686}.Debug|x64.ActiveCfg = Debug|x64
		{50895C43-4622-4F66-A3BE-F37235931686}.Debug|x64.Build.0 = Debug|x64
		{50895C43-4622-4F66-A3BE-F37235931686}.Debug|x64.Deploy.0 = Debug|x64
		{50895C43-4622-4F66-A3BE-F37235931686}.Debug|ARM64.ActiveCfg = Debug|ARM64
		{50895C43-4622-4F66-A3BE-F37235931686}.Debug|ARM64.Build.0 = Debug|ARM64
		{50895C43-4622-4F66-A3BE-F37235931686}.Debug|ARM64.Deploy.0 = Debug|ARM64
		{50895C43-4622-4F66-A3BE-F37235931686}.Release|Win32.ActiveCfg = Release|Win32
		{50895C43-4622-4F66-A3BE-F37235931686}.Release|Win32.Build.0 = Release|Win32
		{50895C43-4622-4F66-A3BE-F37235931686}.Release|Win32.Deploy.0 = Release|Win32
		{50895C43-4622-4F66-A3BE-F37235931686}.Release|x64.ActiveCfg = Release|x64
		{50895C43-4622-4F66-A3BE-F37235931686}.Release|x64.Build.0 = Release|x64
		{50895C43-4622-4F66-A3BE-F37235931686}.Release|x64.Deploy.0 = Release|x64
		{50895C43-4622-4F66-A3BE-F37235931686}.Release|ARM64.ActiveCfg = Release|ARM64
		{50895C43-4622-4F66-A3BE-F37235931686}.Release|ARM64.Build.0 = Release|ARM64
		{50895C43-4622-4F66-A3BE-F37235931686}.Release|ARM64.Deploy.0 = Release|ARM64
		{7C1F4FAC-A601-4B9C-9348-EB4165864D58}.Debug|Win32.ActiveCfg = Debug|Win32
		{7C1F4FAC-A601-4B9C-9348-EB4165864D58}.Debug|Win32.Build.0 = Debug|Win32
		{7C1F4FAC-A601-4B9C-9348-EB4165864D58}.Debug|Win32.Deploy.0 = Debug|Win32
		{7C1F4FAC-A601-4B9C-9348-EB4165864D58}.Debug|x64.ActiveCfg = Debug|x64
		{7C1F4FAC-A601-4B9C-9348-EB4165864D58}.Debug|x64.Build.0 = Debug|x64
		{7C1F4FAC-A601-4B9C-9348-EB4165864D58}.Debug|x64.Deploy.0 = Debug|x64
		{7C1F4FAC-A601-4B9C-9348-EB4165864D58}.Debug|ARM64.ActiveCfg = Debug|ARM64
		{7C1F4FAC-A601-4B9C-9348-EB4165864D58}.Debug|ARM64.Build.0 = Debug|ARM64
		{7C1F4FAC-A601-4B9C-9348-EB4165864D58}.Debug|ARM64.Deploy.0 = Debug|ARM64
		{7C1F4FAC-A601-4B9C-9348-EB4165864D58}.Release|Win32.ActiveCfg = Release|Win32
		{7C1F4FAC-A601-4B9C-9348-EB4165864D58}.Release|Win32.Build.0 = Release|Win32
		{7C1F4FAC-A601-4B9C-9348-EB4165864D58}.Release|Win32.Deploy.0 = Release|Win32
		{7C1F4FAC-A601-4B9C-9348-EB4165864D58}.Release|x64.ActiveCfg = Release|x64
		{7C1F4FAC-A601-4B9C-9348-EB4165864D58}.Release|x64.Build.0 = Release|x64
		{7C1F4FAC-A601-4B9C-9348-EB4165864D58}.Release|x64.Deploy.0 = Release|x64
		{7C1F4FAC-A601-4B9C-9348-EB4165864D58}.Release|ARM64.ActiveCfg = Release|ARM64
		{7C1F4FAC-A601-4B9C-9348-EB4165864D58}.Release|ARM64.Build.0 = Release|ARM64
		{7C1F4FAC-A601-4B9C-9348-EB4165864D58}.Release|ARM64.Deploy.0 = Release|ARM64
		{BC52BB35-A559-4E57-9D09-FD1CC2DB2443}.Debug|Win32.ActiveCfg = Debug|Win32
		{BC52BB35-A559-4E57-9D09-FD1CC2DB2443}.Debug|Win32.Build.0 = Debug|Win32
		{BC52BB35-A559-4E57-9D09-FD1CC2DB2443}.Debug|Win32.Deploy.0 = Debug|Win32
		{BC52BB35-A559-4E57-9D09-FD1CC2DB2443}.Debug|x64.ActiveCfg = Debug|x64
		{BC52BB35-A559-4E57-9D09-FD1CC2DB2443}.Debug|x64.Build.0 = Debug|x64
		{BC52BB35-A559-4E57-9D09-FD1CC2DB2443}.Debug|x64.Deploy.0 = Debug|x64
		{BC52BB35-A559-4E57-9D09-FD1CC2DB2443}.Debug|ARM64.ActiveCfg = Debug|ARM64
		{BC52BB35-A559-4E57-9D09-FD1CC2DB2443}.Debug|ARM64.Build.0 = Debug|ARM64
		{BC52BB35-A559-4E57-9D09-FD1CC2DB2443}.Debug|ARM64.Deploy.0 = Debug|ARM64
		{BC52BB35-A559-4E57-9D09-FD1CC2DB2443}.Release|Win32.ActiveCfg = Release|Win32
		{BC52BB35-A559-4E57-9D09-FD1CC2DB2443}.Release|Win32.Build.0 = Release|Win32
		{BC52BB35-A559-4E57-9D09-FD1CC2DB2443}.Release|Win32.Deploy.0 = Release|Win32
		{BC52BB35-A559-4E57-9D09-FD1CC2DB2443}.Release|x64.ActiveCfg = Release|x64
		{BC52BB35-A559-4E57-9D09-FD1CC2DB2443}.Release|x64.Build.0 = Release|x64
		{BC52BB35-A559-4E57-9D09-FD1CC2DB2443}.Release|x64.Deploy.0 = Release|x64
		{BC52BB35-A559-4E57-9D09-FD1CC2DB2443}.Release|ARM64.ActiveCfg = Release|ARM64
		{BC52BB35-A559-4E57-9D09-FD1CC2DB2443}.Release|ARM64.Build.0 = Release|ARM64
		{BC52BB35-A559-4E57-9D09-FD1CC2DB2443}.Release|ARM64.Deploy.0 = Release|ARM64
		{4BD30709-F78C-4A8B-8A06-567DE3D0FC39}.Debug|Win32.ActiveCfg = Debug|Win32
		{4BD30709-F78C-4A8B-8A06-567DE3D0FC39}.Debug|Win32.Build.0 = Debug|Win32
		{4BD30709-F78C-4A8B-8A06-567DE3D0FC39}.Debug|Win32.Deploy.0 = Debug|Win32
		{4BD30709-F78C-4A8B-8A06-567DE3D0FC39}.Debug|x64.ActiveCfg = Debug|x64
		{4BD30709-F78C-4A8B-8A06-567DE3D0FC39}.Debug|x64.Build.0 = Debug|x64
		{4BD30709-F78C-4A8B-8A06-567DE3D0FC39}.Debug|x64.Deploy.0 = Debug|x64
		{4BD30709-F78C-4A8B-8A06-567DE3D0FC39}.Debug|ARM64.ActiveCfg = Debug|ARM64
		{4BD30709-F78C-4A8B-8A06-567DE3D0FC39}.Debug|ARM64.Build.0 = Debug|ARM64
		{4BD30709-F78C-4A8B-8A06-567DE3D0FC39}.Debug|ARM64.Deploy.0 = Debug|ARM64
		{4BD30709-F78C-4A8B-8A06-567DE3D0FC39}.Release|Win32.ActiveCfg = Release|Win32
		{4BD30709-F78C-4A8B-8A06-567DE3D0FC39}.Release|Win32.Build.0 = Release|Win32
		{4BD30709-F78C-4A8B-8A06-567DE3D0FC39}.Release|Win32.Deploy.0 = Release|Win32
		{4BD30709-F78C-4A8B-8A06-567DE3D0FC39}.Release|x64.ActiveCfg = Release|x64
		{4BD30709-F78C-4A8B-8A06-567DE3D0FC39}.Release|x64.Build.0 = Release|x64
		{4BD30709-F78C-4A8B-8A06-567DE3D0FC39}.Release|x64.Deploy.0 = Release|x64
		{4BD30709-F78C-4A8B-8A06-567DE3D0FC39}.Release|ARM64.ActiveCfg = Release|ARM64
		{4BD30709-F78C-4A8B-8A06-567DE3D0FC39}.Release|ARM64.Build.0 = Release|ARM64
		{4BD30709-F78C-4A8B-8A06-567DE3D0FC39}.Release|ARM64.Deploy.0 = Release|ARM64
		{F7DB0CEA-1D97-4DAB-B817-C6048353A7DB}.Debug|Win32.ActiveCfg = Debug|Win32
		{F7DB0CEA-1D97-4DAB-B817-C6048353A7DB}.Debug|Win32.Build.0 = Debug|Win32
		{F7DB0CEA-1D97-4DAB-B817-C6048353A7DB}.Debug|Win32.Deploy.0 = Debug|Win32
		{F7DB0CEA-1D97-4DAB-B817-C6048353A7DB}.Debug|x64.ActiveCfg = Debug|x64
		{F7DB0CEA-1D97-4DAB-B817-C6048353A7DB}.Debug|x64.Build.0 = Debug|x64
		{F7DB0CEA-1D97-4DAB-B817-C6048353A7DB}.Debug|x64.Deploy.0 = Debug|x64
		{F7DB0CEA-1D97-4DAB-B817-C6048353A7DB}.Debug|ARM64.ActiveCfg = Debug|ARM64
		{F7DB0CEA-1D97-4DAB-B817-C6048353A7DB}.Debug|ARM64.Build.0 = Debug|ARM64
		{F7DB0CEA-1D97-4DAB-B817-C6048353A7DB}.Debug|ARM64.Deploy.0 = Debug|ARM64
		{F7DB0CEA-1D97-4DAB-B817-C6048353A7DB}.Release|Win32.ActiveCfg = Release|Win32
		{F7DB0CEA-1D97-4DAB-B817-C6048353A7DB}.Release|Win32.Build.0 = Release|Win32
		{F7DB0CEA-1D97-4DAB-B817-C6048353A7DB}.Release|Win32.Deploy.0 = Release|Win32
		{F7DB0CEA-1D97-4DAB-B817-C6048353A7DB}.Release|x64.ActiveCfg = Release|x64
		{F7DB0CEA-1D97-4DAB-B817-C6048353A7DB}.Release|x64.Build.0 = Release|x64
		{F7DB0CEA-1D97-4DAB-B817-C6048353A7DB}.Release|x64.Deploy.0 = Release|x64
		{F7DB0CEA-1D97-4DAB-B817-C6048353A7DB}.Release|ARM64.ActiveCfg = Release|ARM64
		{F7DB0CEA-1D97-4DAB-B817-C6048353A7DB}.Release|ARM64.Build.0 = Release|ARM64
		{F7DB0CEA-1D97-4DAB-B817-C6048353A7DB}.Release|ARM64.Deploy.0 = Release|ARM64
	EndGlobalSection
	GlobalSection(SolutionProperties) = preSolution
		HideSolutionNode = FALSE
	EndGlobalSection
EndGlobal
