
Microsoft Visual Studio Solution File, Format Version 11.00
# Visual Studio Version 16
Project("{8BC9CEB8-8B4A-11D0-8D11-00A0C91BC942}") = "3d", "3d.vcxproj", "{02F7DAA3-F04F-491B-BB11-F77E2FA48322}"
EndProject
Project("{8BC9CEB8-8B4A-11D0-8D11-00A0C91BC942}") = "3d_multi", "3d_multi.vcxproj", "{22B1FE8D-EC1D-47A2-A4F1-72A6455ABCCF}"
EndProject
Project("{8BC9CEB8-8B4A-11D0-8D11-00A0C91BC942}") = "event_parameter", "event_parameter.vcxproj", "{963859C3-1189-47ED-832D-EF2EAEE1E891}"
EndProject
Project("{8BC9CEB8-8B4A-11D0-8D11-00A0C91BC942}") = "load_banks", "load_banks.vcxproj", "{AB340D83-293C-46F8-9D63-76E81E311FC5}"
EndProject
Project("{8BC9CEB8-8B4A-11D0-8D11-00A0C91BC942}") = "music_callbacks", "music_callbacks.vcxproj", "{A45C4D31-BAED-4563-AA2D-7BEEAA01925A}"
EndProject
Project("{8BC9CEB8-8B4A-11D0-8D11-00A0C91BC942}") = "objectpan", "objectpan.vcxproj", "{8B541D0A-84EC-4C8D-B992-150DD48E80BE}"
EndProject
Project("{8BC9CEB8-8B4A-11D0-8D11-00A0C91BC942}") = "programmer_sound", "programmer_sound.vcxproj", "{A91BD751-2933-4A50-8B3D-4867A0F5DD04}"
EndProject
Project("{8BC9CEB8-8B4A-11D0-8D11-00A0C91BC942}") = "recording_playback", "recording_playback.vcxproj", "{C2496D55-B89E-47D2-9F2C-54A70AEF4098}"
EndProject
Project("{8BC9CEB8-8B4A-11D0-8D11-00A0C91BC942}") = "simple_event", "simple_event.vcxproj", "{8026B06D-70FD-44E4-B51F-240AC1D66C23}"
EndProject
Global
	GlobalSection(SolutionConfigurationPlatforms) = preSolution
		Debug|Win32 = Debug|Win32
		Debug|x64 = Debug|x64
		Debug|ARM64 = Debug|ARM64
		Release|Win32 = Release|Win32
		Release|x64 = Release|x64
		Release|ARM64 = Release|ARM64
	EndGlobalSection
	GlobalSection(ProjectConfigurationPlatforms) = postSolution
		{02F7DAA3-F04F-491B-BB11-F77E2FA48322}.Debug|Win32.ActiveCfg = Debug|Win32
		{02F7DAA3-F04F-491B-BB11-F77E2FA48322}.Debug|Win32.Build.0 = Debug|Win32
		{02F7DAA3-F04F-491B-BB11-F77E2FA48322}.Debug|Win32.Deploy.0 = Debug|Win32
		{02F7DAA3-F04F-491B-BB11-F77E2FA48322}.Debug|x64.ActiveCfg = Debug|x64
		{02F7DAA3-F04F-491B-BB11-F77E2FA48322}.Debug|x64.Build.0 = Debug|x64
		{02F7DAA3-F04F-491B-BB11-F77E2FA48322}.Debug|x64.Deploy.0 = Debug|x64
		{02F7DAA3-F04F-491B-BB11-F77E2FA48322}.Debug|ARM64.ActiveCfg = Debug|ARM64
		{02F7DAA3-F04F-491B-BB11-F77E2FA48322}.Debug|ARM64.Build.0 = Debug|ARM64
		{02F7DAA3-F04F-491B-BB11-F77E2FA48322}.Debug|ARM64.Deploy.0 = Debug|ARM64
		{02F7DAA3-F04F-491B-BB11-F77E2FA48322}.Release|Win32.ActiveCfg = Release|Win32
		{02F7DAA3-F04F-491B-BB11-F77E2FA48322}.Release|Win32.Build.0 = Release|Win32
		{02F7DAA3-F04F-491B-BB11-F77E2FA48322}.Release|Win32.Deploy.0 = Release|Win32
		{02F7DAA3-F04F-491B-BB11-F77E2FA48322}.Release|x64.ActiveCfg = Release|x64
		{02F7DAA3-F04F-491B-BB11-F77E2FA48322}.Release|x64.Build.0 = Release|x64
		{02F7DAA3-F04F-491B-BB11-F77E2FA48322}.Release|x64.Deploy.0 = Release|x64
		{02F7DAA3-F04F-491B-BB11-F77E2FA48322}.Release|ARM64.ActiveCfg = Release|ARM64
		{02F7DAA3-F04F-491B-BB11-F77E2FA48322}.Release|ARM64.Build.0 = Release|ARM64
		{02F7DAA3-F04F-491B-BB11-F77E2FA48322}.Release|ARM64.Deploy.0 = Release|ARM64
		{22B1FE8D-EC1D-47A2-A4F1-72A6455ABCCF}.Debug|Win32.ActiveCfg = Debug|Win32
		{22B1FE8D-EC1D-47A2-A4F1-72A6455ABCCF}.Debug|Win32.Build.0 = Debug|Win32
		{22B1FE8D-EC1D-47A2-A4F1-72A6455ABCCF}.Debug|Win32.Deploy.0 = Debug|Win32
		{22B1FE8D-EC1D-47A2-A4F1-72A6455ABCCF}.Debug|x64.ActiveCfg = Debug|x64
		{22B1FE8D-EC1D-47A2-A4F1-72A6455ABCCF}.Debug|x64.Build.0 = Debug|x64
		{22B1FE8D-EC1D-47A2-A4F1-72A6455ABCCF}.Debug|x64.Deploy.0 = Debug|x64
		{22B1FE8D-EC1D-47A2-A4F1-72A6455ABCCF}.Debug|ARM64.ActiveCfg = Debug|ARM64
		{22B1FE8D-EC1D-47A2-A4F1-72A6455ABCCF}.Debug|ARM64.Build.0 = Debug|ARM64
		{22B1FE8D-EC1D-47A2-A4F1-72A6455ABCCF}.Debug|ARM64.Deploy.0 = Debug|ARM64
		{22B1FE8D-EC1D-47A2-A4F1-72A6455ABCCF}.Release|Win32.ActiveCfg = Release|Win32
		{22B1FE8D-EC1D-47A2-A4F1-72A6455ABCCF}.Release|Win32.Build.0 = Release|Win32
		{22B1FE8D-EC1D-47A2-A4F1-72A6455ABCCF}.Release|Win32.Deploy.0 = Release|Win32
		{22B1FE8D-EC1D-47A2-A4F1-72A6455ABCCF}.Release|x64.ActiveCfg = Release|x64
		{22B1FE8D-EC1D-47A2-A4F1-72A6455ABCCF}.Release|x64.Build.0 = Release|x64
		{22B1FE8D-EC1D-47A2-A4F1-72A6455ABCCF}.Release|x64.Deploy.0 = Release|x64
		{22B1FE8D-EC1D-47A2-A4F1-72A6455ABCCF}.Release|ARM64.ActiveCfg = Release|ARM64
		{22B1FE8D-EC1D-47A2-A4F1-72A6455ABCCF}.Release|ARM64.Build.0 = Release|ARM64
		{22B1FE8D-EC1D-47A2-A4F1-72A6455ABCCF}.Release|ARM64.Deploy.0 = Release|ARM64
		{963859C3-1189-47ED-832D-EF2EAEE1E891}.Debug|Win32.ActiveCfg = Debug|Win32
		{963859C3-1189-47ED-832D-EF2EAEE1E891}.Debug|Win32.Build.0 = Debug|Win32
		{963859C3-1189-47ED-832D-EF2EAEE1E891}.Debug|Win32.Deploy.0 = Debug|Win32
		{963859C3-1189-47ED-832D-EF2EAEE1E891}.Debug|x64.ActiveCfg = Debug|x64
		{963859C3-1189-47ED-832D-EF2EAEE1E891}.Debug|x64.Build.0 = Debug|x64
		{963859C3-1189-47ED-832D-EF2EAEE1E891}.Debug|x64.Deploy.0 = Debug|x64
		{963859C3-1189-47ED-832D-EF2EAEE1E891}.Debug|ARM64.ActiveCfg = Debug|ARM64
		{963859C3-1189-47ED-832D-EF2EAEE1E891}.Debug|ARM64.Build.0 = Debug|ARM64
		{963859C3-1189-47ED-832D-EF2EAEE1E891}.Debug|ARM64.Deploy.0 = Debug|ARM64
		{963859C3-1189-47ED-832D-EF2EAEE1E891}.Release|Win32.ActiveCfg = Release|Win32
		{963859C3-1189-47ED-832D-EF2EAEE1E891}.Release|Win32.Build.0 = Release|Win32
		{963859C3-1189-47ED-832D-EF2EAEE1E891}.Release|Win32.Deploy.0 = Release|Win32
		{963859C3-1189-47ED-832D-EF2EAEE1E891}.Release|x64.ActiveCfg = Release|x64
		{963859C3-1189-47ED-832D-EF2EAEE1E891}.Release|x64.Build.0 = Release|x64
		{963859C3-1189-47ED-832D-EF2EAEE1E891}.Release|x64.Deploy.0 = Release|x64
		{963859C3-1189-47ED-832D-EF2EAEE1E891}.Release|ARM64.ActiveCfg = Release|ARM64
		{963859C3-1189-47ED-832D-EF2EAEE1E891}.Release|ARM64.Build.0 = Release|ARM64
		{963859C3-1189-47ED-832D-EF2EAEE1E891}.Release|ARM64.Deploy.0 = Release|ARM64
		{AB340D83-293C-46F8-9D63-76E81E311FC5}.Debug|Win32.ActiveCfg = Debug|Win32
		{AB340D83-293C-46F8-9D63-76E81E311FC5}.Debug|Win32.Build.0 = Debug|Win32
		{AB340D83-293C-46F8-9D63-76E81E311FC5}.Debug|Win32.Deploy.0 = Debug|Win32
		{AB340D83-293C-46F8-9D63-76E81E311FC5}.Debug|x64.ActiveCfg = Debug|x64
		{AB340D83-293C-46F8-9D63-76E81E311FC5}.Debug|x64.Build.0 = Debug|x64
		{AB340D83-293C-46F8-9D63-76E81E311FC5}.Debug|x64.Deploy.0 = Debug|x64
		{AB340D83-293C-46F8-9D63-76E81E311FC5}.Debug|ARM64.ActiveCfg = Debug|ARM64
		{AB340D83-293C-46F8-9D63-76E81E311FC5}.Debug|ARM64.Build.0 = Debug|ARM64
		{AB340D83-293C-46F8-9D63-76E81E311FC5}.Debug|ARM64.Deploy.0 = Debug|ARM64
		{AB340D83-293C-46F8-9D63-76E81E311FC5}.Release|Win32.ActiveCfg = Release|Win32
		{AB340D83-293C-46F8-9D63-76E81E311FC5}.Release|Win32.Build.0 = Release|Win32
		{AB340D83-293C-46F8-9D63-76E81E311FC5}.Release|Win32.Deploy.0 = Release|Win32
		{AB340D83-293C-46F8-9D63-76E81E311FC5}.Release|x64.ActiveCfg = Release|x64
		{AB340D83-293C-46F8-9D63-76E81E311FC5}.Release|x64.Build.0 = Release|x64
		{AB340D83-293C-46F8-9D63-76E81E311FC5}.Release|x64.Deploy.0 = Release|x64
		{AB340D83-293C-46F8-9D63-76E81E311FC5}.Release|ARM64.ActiveCfg = Release|ARM64
		{AB340D83-293C-46F8-9D63-76E81E311FC5}.Release|ARM64.Build.0 = Release|ARM64
		{AB340D83-293C-46F8-9D63-76E81E311FC5}.Release|ARM64.Deploy.0 = Release|ARM64
		{A45C4D31-BAED-4563-AA2D-7BEEAA01925A}.Debug|Win32.ActiveCfg = Debug|Win32
		{A45C4D31-BAED-4563-AA2D-7BEEAA01925A}.Debug|Win32.Build.0 = Debug|Win32
		{A45C4D31-BAED-4563-AA2D-7BEEAA01925A}.Debug|Win32.Deploy.0 = Debug|Win32
		{A45C4D31-BAED-4563-AA2D-7BEEAA01925A}.Debug|x64.ActiveCfg = Debug|x64
		{A45C4D31-BAED-4563-AA2D-7BEEAA01925A}.Debug|x64.Build.0 = Debug|x64
		{A45C4D31-BAED-4563-AA2D-7BEEAA01925A}.Debug|x64.Deploy.0 = Debug|x64
		{A45C4D31-BAED-4563-AA2D-7BEEAA01925A}.Debug|ARM64.ActiveCfg = Debug|ARM64
		{A45C4D31-BAED-4563-AA2D-7BEEAA01925A}.Debug|ARM64.Build.0 = Debug|ARM64
		{A45C4D31-BAED-4563-AA2D-7BEEAA01925A}.Debug|ARM64.Deploy.0 = Debug|ARM64
		{A45C4D31-BAED-4563-AA2D-7BEEAA01925A}.Release|Win32.ActiveCfg = Release|Win32
		{A45C4D31-BAED-4563-AA2D-7BEEAA01925A}.Release|Win32.Build.0 = Release|Win32
		{A45C4D31-BAED-4563-AA2D-7BEEAA01925A}.Release|Win32.Deploy.0 = Release|Win32
		{A45C4D31-BAED-4563-AA2D-7BEEAA01925A}.Release|x64.ActiveCfg = Release|x64
		{A45C4D31-BAED-4563-AA2D-7BEEAA01925A}.Release|x64.Build.0 = Release|x64
		{A45C4D31-BAED-4563-AA2D-7BEEAA01925A}.Release|x64.Deploy.0 = Release|x64
		{A45C4D31-BAED-4563-AA2D-7BEEAA01925A}.Release|ARM64.ActiveCfg = Release|ARM64
		{A45C4D31-BAED-4563-AA2D-7BEEAA01925A}.Release|ARM64.Build.0 = Release|ARM64
		{A45C4D31-BAED-4563-AA2D-7BEEAA01925A}.Release|ARM64.Deploy.0 = Release|ARM64
		{8B541D0A-84EC-4C8D-B992-150DD48E80BE}.Debug|Win32.ActiveCfg = Debug|Win32
		{8B541D0A-84EC-4C8D-B992-150DD48E80BE}.Debug|Win32.Build.0 = Debug|Win32
		{8B541D0A-84EC-4C8D-B992-150DD48E80BE}.Debug|Win32.Deploy.0 = Debug|Win32
		{8B541D0A-84EC-4C8D-B992-150DD48E80BE}.Debug|x64.ActiveCfg = Debug|x64
		{8B541D0A-84EC-4C8D-B992-150DD48E80BE}.Debug|x64.Build.0 = Debug|x64
		{8B541D0A-84EC-4C8D-B992-150DD48E80BE}.Debug|x64.Deploy.0 = Debug|x64
		{8B541D0A-84EC-4C8D-B992-150DD48E80BE}.Debug|ARM64.ActiveCfg = Debug|ARM64
		{8B541D0A-84EC-4C8D-B992-150DD48E80BE}.Debug|ARM64.Build.0 = Debug|ARM64
		{8B541D0A-84EC-4C8D-B992-150DD48E80BE}.Debug|ARM64.Deploy.0 = Debug|ARM64
		{8B541D0A-84EC-4C8D-B992-150DD48E80BE}.Release|Win32.ActiveCfg = Release|Win32
		{8B541D0A-84EC-4C8D-B992-150DD48E80BE}.Release|Win32.Build.0 = Release|Win32
		{8B541D0A-84EC-4C8D-B992-150DD48E80BE}.Release|Win32.Deploy.0 = Release|Win32
		{8B541D0A-84EC-4C8D-B992-150DD48E80BE}.Release|x64.ActiveCfg = Release|x64
		{8B541D0A-84EC-4C8D-B992-150DD48E80BE}.Release|x64.Build.0 = Release|x64
		{8B541D0A-84EC-4C8D-B992-150DD48E80BE}.Release|x64.Deploy.0 = Release|x64
		{8B541D0A-84EC-4C8D-B992-150DD48E80BE}.Release|ARM64.ActiveCfg = Release|ARM64
		{8B541D0A-84EC-4C8D-B992-150DD48E80BE}.Release|ARM64.Build.0 = Release|ARM64
		{8B541D0A-84EC-4C8D-B992-150DD48E80BE}.Release|ARM64.Deploy.0 = Release|ARM64
		{A91BD751-2933-4A50-8B3D-4867A0F5DD04}.Debug|Win32.ActiveCfg = Debug|Win32
		{A91BD751-2933-4A50-8B3D-4867A0F5DD04}.Debug|Win32.Build.0 = Debug|Win32
		{A91BD751-2933-4A50-8B3D-4867A0F5DD04}.Debug|Win32.Deploy.0 = Debug|Win32
		{A91BD751-2933-4A50-8B3D-4867A0F5DD04}.Debug|x64.ActiveCfg = Debug|x64
		{A91BD751-2933-4A50-8B3D-4867A0F5DD04}.Debug|x64.Build.0 = Debug|x64
		{A91BD751-2933-4A50-8B3D-4867A0F5DD04}.Debug|x64.Deploy.0 = Debug|x64
		{A91BD751-2933-4A50-8B3D-4867A0F5DD04}.Debug|ARM64.ActiveCfg = Debug|ARM64
		{A91BD751-2933-4A50-8B3D-4867A0F5DD04}.Debug|ARM64.Build.0 = Debug|ARM64
		{A91BD751-2933-4A50-8B3D-4867A0F5DD04}.Debug|ARM64.Deploy.0 = Debug|ARM64
		{A91BD751-2933-4A50-8B3D-4867A0F5DD04}.Release|Win32.ActiveCfg = Release|Win32
		{A91BD751-2933-4A50-8B3D-4867A0F5DD04}.Release|Win32.Build.0 = Release|Win32
		{A91BD751-2933-4A50-8B3D-4867A0F5DD04}.Release|Win32.Deploy.0 = Release|Win32
		{A91BD751-2933-4A50-8B3D-4867A0F5DD04}.Release|x64.ActiveCfg = Release|x64
		{A91BD751-2933-4A50-8B3D-4867A0F5DD04}.Release|x64.Build.0 = Release|x64
		{A91BD751-2933-4A50-8B3D-4867A0F5DD04}.Release|x64.Deploy.0 = Release|x64
		{A91BD751-2933-4A50-8B3D-4867A0F5DD04}.Release|ARM64.ActiveCfg = Release|ARM64
		{A91BD751-2933-4A50-8B3D-4867A0F5DD04}.Release|ARM64.Build.0 = Release|ARM64
		{A91BD751-2933-4A50-8B3D-4867A0F5DD04}.Release|ARM64.Deploy.0 = Release|ARM64
		{C2496D55-B89E-47D2-9F2C-54A70AEF4098}.Debug|Win32.ActiveCfg = Debug|Win32
		{C2496D55-B89E-47D2-9F2C-54A70AEF4098}.Debug|Win32.Build.0 = Debug|Win32
		{C2496D55-B89E-47D2-9F2C-54A70AEF4098}.Debug|Win32.Deploy.0 = Debug|Win32
		{C2496D55-B89E-47D2-9F2C-54A70AEF4098}.Debug|x64.ActiveCfg = Debug|x64
		{C2496D55-B89E-47D2-9F2C-54A70AEF4098}.Debug|x64.Build.0 = Debug|x64
		{C2496D55-B89E-47D2-9F2C-54A70AEF4098}.Debug|x64.Deploy.0 = Debug|x64
		{C2496D55-B89E-47D2-9F2C-54A70AEF4098}.Debug|ARM64.ActiveCfg = Debug|ARM64
		{C2496D55-B89E-47D2-9F2C-54A70AEF4098}.Debug|ARM64.Build.0 = Debug|ARM64
		{C2496D55-B89E-47D2-9F2C-54A70AEF4098}.Debug|ARM64.Deploy.0 = Debug|ARM64
		{C2496D55-B89E-47D2-9F2C-54A70AEF4098}.Release|Win32.ActiveCfg = Release|Win32
		{C2496D55-B89E-47D2-9F2C-54A70AEF4098}.Release|Win32.Build.0 = Release|Win32
		{C2496D55-B89E-47D2-9F2C-54A70AEF4098}.Release|Win32.Deploy.0 = Release|Win32
		{C2496D55-B89E-47D2-9F2C-54A70AEF4098}.Release|x64.ActiveCfg = Release|x64
		{C2496D55-B89E-47D2-9F2C-54A70AEF4098}.Release|x64.Build.0 = Release|x64
		{C2496D55-B89E-47D2-9F2C-54A70AEF4098}.Release|x64.Deploy.0 = Release|x64
		{C2496D55-B89E-47D2-9F2C-54A70AEF4098}.Release|ARM64.ActiveCfg = Release|ARM64
		{C2496D55-B89E-47D2-9F2C-54A70AEF4098}.Release|ARM64.Build.0 = Release|ARM64
		{C2496D55-B89E-47D2-9F2C-54A70AEF4098}.Release|ARM64.Deploy.0 = Release|ARM64
		{8026B06D-70FD-44E4-B51F-240AC1D66C23}.Debug|Win32.ActiveCfg = Debug|Win32
		{8026B06D-70FD-44E4-B51F-240AC1D66C23}.Debug|Win32.Build.0 = Debug|Win32
		{8026B06D-70FD-44E4-B51F-240AC1D66C23}.Debug|Win32.Deploy.0 = Debug|Win32
		{8026B06D-70FD-44E4-B51F-240AC1D66C23}.Debug|x64.ActiveCfg = Debug|x64
		{8026B06D-70FD-44E4-B51F-240AC1D66C23}.Debug|x64.Build.0 = Debug|x64
		{8026B06D-70FD-44E4-B51F-240AC1D66C23}.Debug|x64.Deploy.0 = Debug|x64
		{8026B06D-70FD-44E4-B51F-240AC1D66C23}.Debug|ARM64.ActiveCfg = Debug|ARM64
		{8026B06D-70FD-44E4-B51F-240AC1D66C23}.Debug|ARM64.Build.0 = Debug|ARM64
		{8026B06D-70FD-44E4-B51F-240AC1D66C23}.Debug|ARM64.Deploy.0 = Debug|ARM64
		{8026B06D-70FD-44E4-B51F-240AC1D66C23}.Release|Win32.ActiveCfg = Release|Win32
		{8026B06D-70FD-44E4-B51F-240AC1D66C23}.Release|Win32.Build.0 = Release|Win32
		{8026B06D-70FD-44E4-B51F-240AC1D66C23}.Release|Win32.Deploy.0 = Release|Win32
		{8026B06D-70FD-44E4-B51F-240AC1D66C23}.Release|x64.ActiveCfg = Release|x64
		{8026B06D-70FD-44E4-B51F-240AC1D66C23}.Release|x64.Build.0 = Release|x64
		{8026B06D-70FD-44E4-B51F-240AC1D66C23}.Release|x64.Deploy.0 = Release|x64
		{8026B06D-70FD-44E4-B51F-240AC1D66C23}.Release|ARM64.ActiveCfg = Release|ARM64
		{8026B06D-70FD-44E4-B51F-240AC1D66C23}.Release|ARM64.Build.0 = Release|ARM64
		{8026B06D-70FD-44E4-B51F-240AC1D66C23}.Release|ARM64.Deploy.0 = Release|ARM64
	EndGlobalSection
	GlobalSection(SolutionProperties) = preSolution
		HideSolutionNode = FALSE
	EndGlobalSection
EndGlobal
